
Microsoft Visual Studio Solution File, Format Version 12.00
# Visual Studio 15
Project("{FAE04EC0-301F-11D3-BF4B-00C04F79EFBC}") = "Assembly-CSharp", "Assembly-CSharp.csproj", "{0AFB268C-ABCB-EA2E-3570-27D1FF4A72E3}"
EndProject
Global
	GlobalSection(SolutionConfigurationPlatforms) = preSolution
		Debug|Any CPU = Debug|Any CPU
		Release|Any CPU = Release|Any CPU
	EndGlobalSection
	GlobalSection(ProjectConfigurationPlatforms) = postSolution
		{0AFB268C-ABCB-EA2E-3570-27D1FF4A72E3}.Debug|Any CPU.ActiveCfg = Debug|Any CPU
		{0AFB268C-ABCB-EA2E-3570-27D1FF4A72E3}.Debug|Any CPU.Build.0 = Debug|Any CPU
		{0AFB268C-ABCB-EA2E-3570-27D1FF4A72E3}.Release|Any CPU.ActiveCfg = Release|Any CPU
		{0AFB268C-ABCB-EA2E-3570-27D1FF4A72E3}.Release|Any CPU.Build.0 = Release|Any CPU
	EndGlobalSection
	GlobalSection(SolutionProperties) = preSolution
		HideSolutionNode = FALSE
	EndGlobalSection
EndGlobal
